
Microsoft Visual Studio Solution File, Format Version 12.00
# Visual Studio Version 17
VisualStudioVersion = 17.5.002.0
MinimumVisualStudioVersion = 10.0.40219.1
Project("{9A19103F-16F7-4668-BE54-9A1E7A4F7556}") = "PulumiConfigProviderDotnetInfra", "PulumiConfigProviderDotnetInfra.csproj", "{FED0DA72-B3F7-4D21-8D91-D5D167D968FF}"
EndProject
Global
	GlobalSection(SolutionConfigurationPlatforms) = preSolution
		Debug|Any CPU = Debug|Any CPU
		Release|Any CPU = Release|Any CPU
	EndGlobalSection
	GlobalSection(ProjectConfigurationPlatforms) = postSolution
		{FED0DA72-B3F7-4D21-8D91-D5D167D968FF}.Debug|Any CPU.ActiveCfg = Debug|Any CPU
		{FED0DA72-B3F7-4D21-8D91-D5D167D968FF}.Debug|Any CPU.Build.0 = Debug|Any CPU
		{FED0DA72-B3F7-4D21-8D91-D5D167D968FF}.Release|Any CPU.ActiveCfg = Release|Any CPU
		{FED0DA72-B3F7-4D21-8D91-D5D167D968FF}.Release|Any CPU.Build.0 = Release|Any CPU
	EndGlobalSection
	GlobalSection(SolutionProperties) = preSolution
		HideSolutionNode = FALSE
	EndGlobalSection
	GlobalSection(ExtensibilityGlobals) = postSolution
		SolutionGuid = {3D688E05-8EEB-49CA-9A20-ECF51737B6B5}
	EndGlobalSection
EndGlobal
